
Microsoft Visual Studio Solution File, Format Version 12.00
# Visual Studio 15
Project("{FAE04EC0-301F-11D3-BF4B-00C04F79EFBC}") = "Assembly-CSharp", "Assembly-CSharp.csproj", "{B282AC5C-4A99-3730-6E02-607A95CAFA32}"
EndProject
Project("{FAE04EC0-301F-11D3-BF4B-00C04F79EFBC}") = "Assembly-CSharp-Editor", "Assembly-CSharp-Editor.csproj", "{BF0E53CD-432F-5E49-45C6-BD43F48CE676}"
EndProject
Global
	GlobalSection(SolutionConfigurationPlatforms) = preSolution
		Debug|Any CPU = Debug|Any CPU
		Release|Any CPU = Release|Any CPU
	EndGlobalSection
	GlobalSection(ProjectConfigurationPlatforms) = postSolution
		{B282AC5C-4A99-3730-6E02-607A95CAFA32}.Debug|Any CPU.ActiveCfg = Debug|Any CPU
		{B282AC5C-4A99-3730-6E02-607A95CAFA32}.Debug|Any CPU.Build.0 = Debug|Any CPU
		{B282AC5C-4A99-3730-6E02-607A95CAFA32}.Release|Any CPU.ActiveCfg = Release|Any CPU
		{B282AC5C-4A99-3730-6E02-607A95CAFA32}.Release|Any CPU.Build.0 = Release|Any CPU
		{BF0E53CD-432F-5E49-45C6-BD43F48CE676}.Debug|Any CPU.ActiveCfg = Debug|Any CPU
		{BF0E53CD-432F-5E49-45C6-BD43F48CE676}.Debug|Any CPU.Build.0 = Debug|Any CPU
		{BF0E53CD-432F-5E49-45C6-BD43F48CE676}.Release|Any CPU.ActiveCfg = Release|Any CPU
		{BF0E53CD-432F-5E49-45C6-BD43F48CE676}.Release|Any CPU.Build.0 = Release|Any CPU
	EndGlobalSection
	GlobalSection(SolutionProperties) = preSolution
		HideSolutionNode = FALSE
	EndGlobalSection
EndGlobal
